
Microsoft Visual Studio Solution File, Format Version 12.00
# Visual Studio Version 16
VisualStudioVersion = 16.0.30114.105
MinimumVisualStudioVersion = 10.0.40219.1
Project("{FAE04EC0-301F-11D3-BF4B-00C04F79EFBC}") = "MarsRoverProject", "MarsRoverProject\MarsRoverProject.csproj", "{15897749-9C42-43A7-85EA-6E1E0E5B33FD}"
EndProject
Global
	GlobalSection(SolutionConfigurationPlatforms) = preSolution
		Debug|Any CPU = Debug|Any CPU
		Release|Any CPU = Release|Any CPU
	EndGlobalSection
	GlobalSection(ProjectConfigurationPlatforms) = postSolution
		{15897749-9C42-43A7-85EA-6E1E0E5B33FD}.Debug|Any CPU.ActiveCfg = Debug|Any CPU
		{15897749-9C42-43A7-85EA-6E1E0E5B33FD}.Debug|Any CPU.Build.0 = Debug|Any CPU
		{15897749-9C42-43A7-85EA-6E1E0E5B33FD}.Release|Any CPU.ActiveCfg = Release|Any CPU
		{15897749-9C42-43A7-85EA-6E1E0E5B33FD}.Release|Any CPU.Build.0 = Release|Any CPU
	EndGlobalSection
	GlobalSection(SolutionProperties) = preSolution
		HideSolutionNode = FALSE
	EndGlobalSection
	GlobalSection(ExtensibilityGlobals) = postSolution
		SolutionGuid = {FD57CDCB-6316-4933-AB77-AAE59FA53D7C}
	EndGlobalSection
EndGlobal
